
Microsoft Visual Studio Solution File, Format Version 12.00
# Visual Studio Version 17
VisualStudioVersion = 17.5.33502.453
MinimumVisualStudioVersion = 10.0.40219.1
Project("{FAE04EC0-301F-11D3-BF4B-00C04F79EFBC}") = "StorageApp", "StorageApp\StorageApp.csproj", "{79AFC379-11ED-43A3-9440-AFB53DFEF196}"
EndProject
Global
	GlobalSection(SolutionConfigurationPlatforms) = preSolution
		Debug|Any CPU = Debug|Any CPU
		Release|Any CPU = Release|Any CPU
	EndGlobalSection
	GlobalSection(ProjectConfigurationPlatforms) = postSolution
		{79AFC379-11ED-43A3-9440-AFB53DFEF196}.Debug|Any CPU.ActiveCfg = Debug|Any CPU
		{79AFC379-11ED-43A3-9440-AFB53DFEF196}.Debug|Any CPU.Build.0 = Debug|Any CPU
		{79AFC379-11ED-43A3-9440-AFB53DFEF196}.Release|Any CPU.ActiveCfg = Release|Any CPU
		{79AFC379-11ED-43A3-9440-AFB53DFEF196}.Release|Any CPU.Build.0 = Release|Any CPU
	EndGlobalSection
	GlobalSection(SolutionProperties) = preSolution
		HideSolutionNode = FALSE
	EndGlobalSection
	GlobalSection(ExtensibilityGlobals) = postSolution
		SolutionGuid = {12DD18D9-CC5F-4700-A59D-A7AF853DC60D}
	EndGlobalSection
EndGlobal
